{
  "name": "gcp-ingestion-lab",
  "version": "0.1.0",
  "lockfileVersion": 3,
  "requires": true,
  "packages": {
    "": {
      "name": "gcp-ingestion-lab",
      "version": "0.1.0",
      "license": "MIT",
      "engines": {
        "node": ">=22"
      },
      "peerDependencies": {
        "@google-cloud/bigquery": "^9.1.0",
        "@google-cloud/storage": "^8.2.0"
      },
      "peerDependenciesMeta": {
        "@google-cloud/bigquery": {
          "optional": true
        },
        "@google-cloud/storage": {
          "optional": true
        }
      }
    }
  }
}
